github.com/aliyun/fc-runtime-go-sdk v0.3.1 h1:Qhd4W5DLxfhOcHeMzxAH/gxb65mvl4cYW81UPPaOoKU=
github.com/aliyun/fc-runtime-go-sdk v0.3.1/go.mod h1:OpZ+rlKxC4iGgigPCMzObgADLyrI7HxdaVs5H7uhy3M=
golang.org/x/net v0.43.0 h1:lat02VYK2j4aLzMzecihNvTlJNQUq316m2Mr9rnM6YE=
golang.org/x/net v0.43.0/go.mod h1:vhO1fvI4dGsIjh73sWfUVjj3N7CA9WkKJNQm2svM6Jg=
